
Microsoft Visual Studio Solution File, Format Version 12.00
# Visual Studio Version 16
VisualStudioVersion = 16.0.31129.286
MinimumVisualStudioVersion = 10.0.40219.1
Project("{FAE04EC0-301F-11D3-BF4B-00C04F79EFBC}") = "OrderingService", "OTS2023_V9\OrderingService.csproj", "{8D318AAF-9470-4854-9543-B6A2891EBDCB}"
EndProject
Project("{FAE04EC0-301F-11D3-BF4B-00C04F79EFBC}") = "OrderingService.Test", "OrderingService.Test\OrderingService.Test.csproj", "{1CA25F0E-0CA6-484A-A6DD-CA21CF3546F6}"
EndProject
Global
	GlobalSection(SolutionConfigurationPlatforms) = preSolution
		Debug|Any CPU = Debug|Any CPU
		Release|Any CPU = Release|Any CPU
	EndGlobalSection
	GlobalSection(ProjectConfigurationPlatforms) = postSolution
		{8D318AAF-9470-4854-9543-B6A2891EBDCB}.Debug|Any CPU.ActiveCfg = Debug|Any CPU
		{8D318AAF-9470-4854-9543-B6A2891EBDCB}.Debug|Any CPU.Build.0 = Debug|Any CPU
		{8D318AAF-9470-4854-9543-B6A2891EBDCB}.Release|Any CPU.ActiveCfg = Release|Any CPU
		{8D318AAF-9470-4854-9543-B6A2891EBDCB}.Release|Any CPU.Build.0 = Release|Any CPU
		{1CA25F0E-0CA6-484A-A6DD-CA21CF3546F6}.Debug|Any CPU.ActiveCfg = Debug|Any CPU
		{1CA25F0E-0CA6-484A-A6DD-CA21CF3546F6}.Debug|Any CPU.Build.0 = Debug|Any CPU
		{1CA25F0E-0CA6-484A-A6DD-CA21CF3546F6}.Release|Any CPU.ActiveCfg = Release|Any CPU
		{1CA25F0E-0CA6-484A-A6DD-CA21CF3546F6}.Release|Any CPU.Build.0 = Release|Any CPU
	EndGlobalSection
	GlobalSection(SolutionProperties) = preSolution
		HideSolutionNode = FALSE
	EndGlobalSection
	GlobalSection(ExtensibilityGlobals) = postSolution
		SolutionGuid = {2F99D093-E3B7-4E67-AFCA-8E0BF96C65F5}
	EndGlobalSection
EndGlobal
